// !$*UTF8*$!
{
	archiveVersion = 1;
	classes = {
	};
	objectVersion = 56;
	objects = {

/* Begin PBXBuildFile section */
		122700002BF0005400366683 /* SpotifyNewReleaseCell.swift in Sources */ = {isa = PBXBuildFile; fileRef = 1227FFFF2BF0005400366683 /* SpotifyNewReleaseCell.swift */; };
		122700022BF021FC00366683 /* ImageTitleRowCell.swift in Sources */ = {isa = PBXBuildFile; fileRef = 122700012BF021FC00366683 /* ImageTitleRowCell.swift */; };
		1227FFD02BEFBACD00366683 /* Spotify_SwiftUIApp.swift in Sources */ = {isa = PBXBuildFile; fileRef = 1227FFCF2BEFBACD00366683 /* Spotify_SwiftUIApp.swift */; };
		1227FFD22BEFBACD00366683 /* ContentView.swift in Sources */ = {isa = PBXBuildFile; fileRef = 1227FFD12BEFBACD00366683 /* ContentView.swift */; };
		1227FFD42BEFBACE00366683 /* Assets.xcassets in Resources */ = {isa = PBXBuildFile; fileRef = 1227FFD32BEFBACE00366683 /* Assets.xcassets */; };
		1227FFD72BEFBACE00366683 /* Preview Assets.xcassets in Resources */ = {isa = PBXBuildFile; fileRef = 1227FFD62BEFBACE00366683 /* Preview Assets.xcassets */; };
		1227FFE42BEFBBF600366683 /* ImageLoaderView.swift in Sources */ = {isa = PBXBuildFile; fileRef = 1227FFE32BEFBBF600366683 /* ImageLoaderView.swift */; };
		1227FFE62BEFC14800366683 /* DatabaseHelper.swift in Sources */ = {isa = PBXBuildFile; fileRef = 1227FFE52BEFC14800366683 /* DatabaseHelper.swift */; };
		1227FFE82BEFC52500366683 /* Product.swift in Sources */ = {isa = PBXBuildFile; fileRef = 1227FFE72BEFC52500366683 /* Product.swift */; };
		1227FFEA2BEFC53300366683 /* User.swift in Sources */ = {isa = PBXBuildFile; fileRef = 1227FFE92BEFC53300366683 /* User.swift */; };
		1227FFF52BEFD4D500366683 /* SpotifyHomeView.swift in Sources */ = {isa = PBXBuildFile; fileRef = 1227FFF42BEFD4D500366683 /* SpotifyHomeView.swift */; };
		1227FFF72BEFDC2200366683 /* SpotifyCategoryCell.swift in Sources */ = {isa = PBXBuildFile; fileRef = 1227FFF62BEFDC2200366683 /* SpotifyCategoryCell.swift */; };
		1227FFFA2BEFDF9100366683 /* Category.swift in Sources */ = {isa = PBXBuildFile; fileRef = 1227FFF92BEFDF9100366683 /* Category.swift */; };
		1227FFFC2BEFE94D00366683 /* SpotifyRecentsCell.swift in Sources */ = {isa = PBXBuildFile; fileRef = 1227FFFB2BEFE94D00366683 /* SpotifyRecentsCell.swift */; };
		1227FFFE2BEFF06F00366683 /* Constants.swift in Sources */ = {isa = PBXBuildFile; fileRef = 1227FFFD2BEFF06F00366683 /* Constants.swift */; };
		12AACBA02BF10A160028A33A /* SpotifyPlaylistView.swift in Sources */ = {isa = PBXBuildFile; fileRef = 12AACB9F2BF10A160028A33A /* SpotifyPlaylistView.swift */; };
		12AACBA22BF10A7B0028A33A /* PlaylistHeaderCell.swift in Sources */ = {isa = PBXBuildFile; fileRef = 12AACBA12BF10A7B0028A33A /* PlaylistHeaderCell.swift */; };
		12AACBA42BF122520028A33A /* PlaylistDescriptionCell.swift in Sources */ = {isa = PBXBuildFile; fileRef = 12AACBA32BF122520028A33A /* PlaylistDescriptionCell.swift */; };
		12AACBA72BF131500028A33A /* SwiftfulRouting in Frameworks */ = {isa = PBXBuildFile; productRef = 12AACBA62BF131500028A33A /* SwiftfulRouting */; };
		12AACBA92BF1315F0028A33A /* SwiftfulUI in Frameworks */ = {isa = PBXBuildFile; productRef = 12AACBA82BF1315F0028A33A /* SwiftfulUI */; };
		12AACBAB2BF131670028A33A /* SDWebImageSwiftUI in Frameworks */ = {isa = PBXBuildFile; productRef = 12AACBAA2BF131670028A33A /* SDWebImageSwiftUI */; };
		12AAEF2B2BF1330900A70B73 /* SongRowCell.swift in Sources */ = {isa = PBXBuildFile; fileRef = 12AAEF2A2BF1330900A70B73 /* SongRowCell.swift */; };
/* End PBXBuildFile section */

/* Begin PBXFileReference section */
		122700012BF021FC00366683 /* ImageTitleRowCell.swift */ = {isa = PBXFileReference; lastKnownFileType = sourcecode.swift; path = ImageTitleRowCell.swift; sourceTree = "<group>"; };
		1227FFCC2BEFBACD00366683 /* Spotify-SwiftUI.app */ = {isa = PBXFileReference; explicitFileType = wrapper.application; includeInIndex = 0; path = "Spotify-SwiftUI.app"; sourceTree = BUILT_PRODUCTS_DIR; };
		1227FFCF2BEFBACD00366683 /* Spotify_SwiftUIApp.swift */ = {isa = PBXFileReference; lastKnownFileType = sourcecode.swift; path = Spotify_SwiftUIApp.swift; sourceTree = "<group>"; };
		1227FFD12BEFBACD00366683 /* ContentView.swift */ = {isa = PBXFileReference; lastKnownFileType = sourcecode.swift; path = ContentView.swift; sourceTree = "<group>"; };
		1227FFD32BEFBACE00366683 /* Assets.xcassets */ = {isa = PBXFileReference; lastKnownFileType = folder.assetcatalog; path = Assets.xcassets; sourceTree = "<group>"; };
		1227FFD62BEFBACE00366683 /* Preview Assets.xcassets */ = {isa = PBXFileReference; lastKnownFileType = folder.assetcatalog; path = "Preview Assets.xcassets"; sourceTree = "<group>"; };
		1227FFE32BEFBBF600366683 /* ImageLoaderView.swift */ = {isa = PBXFileReference; lastKnownFileType = sourcecode.swift; path = ImageLoaderView.swift; sourceTree = "<group>"; };
		1227FFE52BEFC14800366683 /* DatabaseHelper.swift */ = {isa = PBXFileReference; lastKnownFileType = sourcecode.swift; path = DatabaseHelper.swift; sourceTree = "<group>"; };
		1227FFE72BEFC52500366683 /* Product.swift */ = {isa = PBXFileReference; lastKnownFileType = sourcecode.swift; path = Product.swift; sourceTree = "<group>"; };
		1227FFE92BEFC53300366683 /* User.swift */ = {isa = PBXFileReference; lastKnownFileType = sourcecode.swift; path = User.swift; sourceTree = "<group>"; };
		1227FFF42BEFD4D500366683 /* SpotifyHomeView.swift */ = {isa = PBXFileReference; lastKnownFileType = sourcecode.swift; path = SpotifyHomeView.swift; sourceTree = "<group>"; };
		1227FFF62BEFDC2200366683 /* SpotifyCategoryCell.swift */ = {isa = PBXFileReference; lastKnownFileType = sourcecode.swift; path = SpotifyCategoryCell.swift; sourceTree = "<group>"; };
		1227FFF92BEFDF9100366683 /* Category.swift */ = {isa = PBXFileReference; lastKnownFileType = sourcecode.swift; path = Category.swift; sourceTree = "<group>"; };
		1227FFFB2BEFE94D00366683 /* SpotifyRecentsCell.swift */ = {isa = PBXFileReference; lastKnownFileType = sourcecode.swift; path = SpotifyRecentsCell.swift; sourceTree = "<group>"; };
		1227FFFD2BEFF06F00366683 /* Constants.swift */ = {isa = PBXFileReference; lastKnownFileType = sourcecode.swift; path = Constants.swift; sourceTree = "<group>"; };
		1227FFFF2BF0005400366683 /* SpotifyNewReleaseCell.swift */ = {isa = PBXFileReference; lastKnownFileType = sourcecode.swift; path = SpotifyNewReleaseCell.swift; sourceTree = "<group>"; };
		12AACB9F2BF10A160028A33A /* SpotifyPlaylistView.swift */ = {isa = PBXFileReference; lastKnownFileType = sourcecode.swift; path = SpotifyPlaylistView.swift; sourceTree = "<group>"; };
		12AACBA12BF10A7B0028A33A /* PlaylistHeaderCell.swift */ = {isa = PBXFileReference; lastKnownFileType = sourcecode.swift; path = PlaylistHeaderCell.swift; sourceTree = "<group>"; };
		12AACBA32BF122520028A33A /* PlaylistDescriptionCell.swift */ = {isa = PBXFileReference; lastKnownFileType = sourcecode.swift; path = PlaylistDescriptionCell.swift; sourceTree = "<group>"; };
		12AAEF2A2BF1330900A70B73 /* SongRowCell.swift */ = {isa = PBXFileReference; lastKnownFileType = sourcecode.swift; path = SongRowCell.swift; sourceTree = "<group>"; };
/* End PBXFileReference section */

/* Begin PBXFrameworksBuildPhase section */
		1227FFC92BEFBACD00366683 /* Frameworks */ = {
			isa = PBXFrameworksBuildPhase;
			buildActionMask = 2147483647;
			files = (
				12AACBAB2BF131670028A33A /* SDWebImageSwiftUI in Frameworks */,
				12AACBA92BF1315F0028A33A /* SwiftfulUI in Frameworks */,
				12AACBA72BF131500028A33A /* SwiftfulRouting in Frameworks */,
			);
			runOnlyForDeploymentPostprocessing = 0;
		};
/* End PBXFrameworksBuildPhase section */

/* Begin PBXGroup section */
		1227FFC32BEFBACD00366683 = {
			isa = PBXGroup;
			children = (
				1227FFCE2BEFBACD00366683 /* Spotify-SwiftUI */,
				1227FFCD2BEFBACD00366683 /* Products */,
				12AACBA52BF131410028A33A /* Frameworks */,
			);
			sourceTree = "<group>";
		};
		1227FFCD2BEFBACD00366683 /* Products */ = {
			isa = PBXGroup;
			children = (
				1227FFCC2BEFBACD00366683 /* Spotify-SwiftUI.app */,
			);
			name = Products;
			sourceTree = "<group>";
		};
		1227FFCE2BEFBACD00366683 /* Spotify-SwiftUI */ = {
			isa = PBXGroup;
			children = (
				1227FFF12BEFD4B300366683 /* Spotify */,
				1227FFE02BEFBBAA00366683 /* Shared */,
				1227FFCF2BEFBACD00366683 /* Spotify_SwiftUIApp.swift */,
				1227FFD12BEFBACD00366683 /* ContentView.swift */,
				1227FFD32BEFBACE00366683 /* Assets.xcassets */,
				1227FFD52BEFBACE00366683 /* Preview Content */,
			);
			path = "Spotify-SwiftUI";
			sourceTree = "<group>";
		};
		1227FFD52BEFBACE00366683 /* Preview Content */ = {
			isa = PBXGroup;
			children = (
				1227FFD62BEFBACE00366683 /* Preview Assets.xcassets */,
			);
			path = "Preview Content";
			sourceTree = "<group>";
		};
		1227FFE02BEFBBAA00366683 /* Shared */ = {
			isa = PBXGroup;
			children = (
				1227FFE32BEFBBF600366683 /* ImageLoaderView.swift */,
				1227FFE52BEFC14800366683 /* DatabaseHelper.swift */,
				1227FFE72BEFC52500366683 /* Product.swift */,
				1227FFE92BEFC53300366683 /* User.swift */,
				1227FFFD2BEFF06F00366683 /* Constants.swift */,
			);
			path = Shared;
			sourceTree = "<group>";
		};
		1227FFF12BEFD4B300366683 /* Spotify */ = {
			isa = PBXGroup;
			children = (
				1227FFF82BEFDF8600366683 /* Models */,
				1227FFF32BEFD4BE00366683 /* Components */,
				1227FFF22BEFD4BA00366683 /* Core */,
			);
			path = Spotify;
			sourceTree = "<group>";
		};
		1227FFF22BEFD4BA00366683 /* Core */ = {
			isa = PBXGroup;
			children = (
				1227FFF42BEFD4D500366683 /* SpotifyHomeView.swift */,
				12AACB9F2BF10A160028A33A /* SpotifyPlaylistView.swift */,
			);
			path = Core;
			sourceTree = "<group>";
		};
		1227FFF32BEFD4BE00366683 /* Components */ = {
			isa = PBXGroup;
			children = (
				1227FFF62BEFDC2200366683 /* SpotifyCategoryCell.swift */,
				1227FFFB2BEFE94D00366683 /* SpotifyRecentsCell.swift */,
				1227FFFF2BF0005400366683 /* SpotifyNewReleaseCell.swift */,
				122700012BF021FC00366683 /* ImageTitleRowCell.swift */,
				12AACBA12BF10A7B0028A33A /* PlaylistHeaderCell.swift */,
				12AACBA32BF122520028A33A /* PlaylistDescriptionCell.swift */,
				12AAEF2A2BF1330900A70B73 /* SongRowCell.swift */,
			);
			path = Components;
			sourceTree = "<group>";
		};
		1227FFF82BEFDF8600366683 /* Models */ = {
			isa = PBXGroup;
			children = (
				1227FFF92BEFDF9100366683 /* Category.swift */,
			);
			path = Models;
			sourceTree = "<group>";
		};
		12AACBA52BF131410028A33A /* Frameworks */ = {
			isa = PBXGroup;
			children = (
			);
			name = Frameworks;
			sourceTree = "<group>";
		};
/* End PBXGroup section */

/* Begin PBXNativeTarget section */
		1227FFCB2BEFBACD00366683 /* Spotify-SwiftUI */ = {
			isa = PBXNativeTarget;
			buildConfigurationList = 1227FFDA2BEFBACE00366683 /* Build configuration list for PBXNativeTarget "Spotify-SwiftUI" */;
			buildPhases = (
				1227FFC82BEFBACD00366683 /* Sources */,
				1227FFC92BEFBACD00366683 /* Frameworks */,
				1227FFCA2BEFBACD00366683 /* Resources */,
			);
			buildRules = (
			);
			dependencies = (
			);
			name = "Spotify-SwiftUI";
			packageProductDependencies = (
				12AACBA62BF131500028A33A /* SwiftfulRouting */,
				12AACBA82BF1315F0028A33A /* SwiftfulUI */,
				12AACBAA2BF131670028A33A /* SDWebImageSwiftUI */,
			);
			productName = "Spotify-SwiftUI";
			productReference = 1227FFCC2BEFBACD00366683 /* Spotify-SwiftUI.app */;
			productType = "com.apple.product-type.application";
		};
/* End PBXNativeTarget section */

/* Begin PBXProject section */
		1227FFC42BEFBACD00366683 /* Project object */ = {
			isa = PBXProject;
			attributes = {
				BuildIndependentTargetsInParallel = 1;
				LastSwiftUpdateCheck = 1530;
				LastUpgradeCheck = 1530;
				TargetAttributes = {
					1227FFCB2BEFBACD00366683 = {
						CreatedOnToolsVersion = 15.3;
					};
				};
			};
			buildConfigurationList = 1227FFC72BEFBACD00366683 /* Build configuration list for PBXProject "Spotify-SwiftUI" */;
			compatibilityVersion = "Xcode 14.0";
			developmentRegion = en;
			hasScannedForEncodings = 0;
			knownRegions = (
				en,
				Base,
			);
			mainGroup = 1227FFC32BEFBACD00366683;
			packageReferences = (
				1227FFDD2BEFBB6D00366683 /* XCRemoteSwiftPackageReference "SDWebImageSwiftUI" */,
				1227FFEB2BEFCE0D00366683 /* XCRemoteSwiftPackageReference "SwiftfulRouting" */,
				1227FFEE2BEFCE3400366683 /* XCRemoteSwiftPackageReference "SwiftfulUI" */,
			);
			productRefGroup = 1227FFCD2BEFBACD00366683 /* Products */;
			projectDirPath = "";
			projectRoot = "";
			targets = (
				1227FFCB2BEFBACD00366683 /* Spotify-SwiftUI */,
			);
		};
/* End PBXProject section */

/* Begin PBXResourcesBuildPhase section */
		1227FFCA2BEFBACD00366683 /* Resources */ = {
			isa = PBXResourcesBuildPhase;
			buildActionMask = 2147483647;
			files = (
				1227FFD72BEFBACE00366683 /* Preview Assets.xcassets in Resources */,
				1227FFD42BEFBACE00366683 /* Assets.xcassets in Resources */,
			);
			runOnlyForDeploymentPostprocessing = 0;
		};
/* End PBXResourcesBuildPhase section */

/* Begin PBXSourcesBuildPhase section */
		1227FFC82BEFBACD00366683 /* Sources */ = {
			isa = PBXSourcesBuildPhase;
			buildActionMask = 2147483647;
			files = (
				1227FFF72BEFDC2200366683 /* SpotifyCategoryCell.swift in Sources */,
				1227FFFE2BEFF06F00366683 /* Constants.swift in Sources */,
				1227FFE62BEFC14800366683 /* DatabaseHelper.swift in Sources */,
				122700002BF0005400366683 /* SpotifyNewReleaseCell.swift in Sources */,
				12AACBA22BF10A7B0028A33A /* PlaylistHeaderCell.swift in Sources */,
				1227FFE42BEFBBF600366683 /* ImageLoaderView.swift in Sources */,
				1227FFFC2BEFE94D00366683 /* SpotifyRecentsCell.swift in Sources */,
				122700022BF021FC00366683 /* ImageTitleRowCell.swift in Sources */,
				12AACBA02BF10A160028A33A /* SpotifyPlaylistView.swift in Sources */,
				1227FFEA2BEFC53300366683 /* User.swift in Sources */,
				1227FFF52BEFD4D500366683 /* SpotifyHomeView.swift in Sources */,
				1227FFFA2BEFDF9100366683 /* Category.swift in Sources */,
				1227FFE82BEFC52500366683 /* Product.swift in Sources */,
				1227FFD22BEFBACD00366683 /* ContentView.swift in Sources */,
				12AAEF2B2BF1330900A70B73 /* SongRowCell.swift in Sources */,
				12AACBA42BF122520028A33A /* PlaylistDescriptionCell.swift in Sources */,
				1227FFD02BEFBACD00366683 /* Spotify_SwiftUIApp.swift in Sources */,
			);
			runOnlyForDeploymentPostprocessing = 0;
		};
/* End PBXSourcesBuildPhase section */

/* Begin XCBuildConfiguration section */
		1227FFD82BEFBACE00366683 /* Debug */ = {
			isa = XCBuildConfiguration;
			buildSettings = {
				ALWAYS_SEARCH_USER_PATHS = NO;
				ASSETCATALOG_COMPILER_GENERATE_SWIFT_ASSET_SYMBOL_EXTENSIONS = YES;
				CLANG_ANALYZER_NONNULL = YES;
				CLANG_ANALYZER_NUMBER_OBJECT_CONVERSION = YES_AGGRESSIVE;
				CLANG_CXX_LANGUAGE_STANDARD = "gnu++20";
				CLANG_ENABLE_MODULES = YES;
				CLANG_ENABLE_OBJC_ARC = YES;
				CLANG_ENABLE_OBJC_WEAK = YES;
				CLANG_WARN_BLOCK_CAPTURE_AUTORELEASING = YES;
				CLANG_WARN_BOOL_CONVERSION = YES;
				CLANG_WARN_COMMA = YES;
				CLANG_WARN_CONSTANT_CONVERSION = YES;
				CLANG_WARN_DEPRECATED_OBJC_IMPLEMENTATIONS = YES;
				CLANG_WARN_DIRECT_OBJC_ISA_USAGE = YES_ERROR;
				CLANG_WARN_DOCUMENTATION_COMMENTS = YES;
				CLANG_WARN_EMPTY_BODY = YES;
				CLANG_WARN_ENUM_CONVERSION = YES;
				CLANG_WARN_INFINITE_RECURSION = YES;
				CLANG_WARN_INT_CONVERSION = YES;
				CLANG_WARN_NON_LITERAL_NULL_CONVERSION = YES;
				CLANG_WARN_OBJC_IMPLICIT_RETAIN_SELF = YES;
				CLANG_WARN_OBJC_LITERAL_CONVERSION = YES;
				CLANG_WARN_OBJC_ROOT_CLASS = YES_ERROR;
				CLANG_WARN_QUOTED_INCLUDE_IN_FRAMEWORK_HEADER = YES;
				CLANG_WARN_RANGE_LOOP_ANALYSIS = YES;
				CLANG_WARN_STRICT_PROTOTYPES = YES;
				CLANG_WARN_SUSPICIOUS_MOVE = YES;
				CLANG_WARN_UNGUARDED_AVAILABILITY = YES_AGGRESSIVE;
				CLANG_WARN_UNREACHABLE_CODE = YES;
				CLANG_WARN__DUPLICATE_METHOD_MATCH = YES;
				COPY_PHASE_STRIP = NO;
				DEBUG_INFORMATION_FORMAT = dwarf;
				ENABLE_STRICT_OBJC_MSGSEND = YES;
				ENABLE_TESTABILITY = YES;
				ENABLE_USER_SCRIPT_SANDBOXING = YES;
				GCC_C_LANGUAGE_STANDARD = gnu17;
				GCC_DYNAMIC_NO_PIC = NO;
				GCC_NO_COMMON_BLOCKS = YES;
				GCC_OPTIMIZATION_LEVEL = 0;
				GCC_PREPROCESSOR_DEFINITIONS = (
					"DEBUG=1",
					"$(inherited)",
				);
				GCC_WARN_64_TO_32_BIT_CONVERSION = YES;
				GCC_WARN_ABOUT_RETURN_TYPE = YES_ERROR;
				GCC_WARN_UNDECLARED_SELECTOR = YES;
				GCC_WARN_UNINITIALIZED_AUTOS = YES_AGGRESSIVE;
				GCC_WARN_UNUSED_FUNCTION = YES;
				GCC_WARN_UNUSED_VARIABLE = YES;
				IPHONEOS_DEPLOYMENT_TARGET = 17.4;
				LOCALIZATION_PREFERS_STRING_CATALOGS = YES;
				MTL_ENABLE_DEBUG_INFO = INCLUDE_SOURCE;
				MTL_FAST_MATH = YES;
				ONLY_ACTIVE_ARCH = YES;
				SDKROOT = iphoneos;
				SWIFT_ACTIVE_COMPILATION_CONDITIONS = "DEBUG $(inherited)";
				SWIFT_OPTIMIZATION_LEVEL = "-Onone";
			};
			name = Debug;
		};
		1227FFD92BEFBACE00366683 /* Release */ = {
			isa = XCBuildConfiguration;
			buildSettings = {
				ALWAYS_SEARCH_USER_PATHS = NO;
				ASSETCATALOG_COMPILER_GENERATE_SWIFT_ASSET_SYMBOL_EXTENSIONS = YES;
				CLANG_ANALYZER_NONNULL = YES;
				CLANG_ANALYZER_NUMBER_OBJECT_CONVERSION = YES_AGGRESSIVE;
				CLANG_CXX_LANGUAGE_STANDARD = "gnu++20";
				CLANG_ENABLE_MODULES = YES;
				CLANG_ENABLE_OBJC_ARC = YES;
				CLANG_ENABLE_OBJC_WEAK = YES;
				CLANG_WARN_BLOCK_CAPTURE_AUTORELEASING = YES;
				CLANG_WARN_BOOL_CONVERSION = YES;
				CLANG_WARN_COMMA = YES;
				CLANG_WARN_CONSTANT_CONVERSION = YES;
				CLANG_WARN_DEPRECATED_OBJC_IMPLEMENTATIONS = YES;
				CLANG_WARN_DIRECT_OBJC_ISA_USAGE = YES_ERROR;
				CLANG_WARN_DOCUMENTATION_COMMENTS = YES;
				CLANG_WARN_EMPTY_BODY = YES;
				CLANG_WARN_ENUM_CONVERSION = YES;
				CLANG_WARN_INFINITE_RECURSION = YES;
				CLANG_WARN_INT_CONVERSION = YES;
				CLANG_WARN_NON_LITERAL_NULL_CONVERSION = YES;
				CLANG_WARN_OBJC_IMPLICIT_RETAIN_SELF = YES;
				CLANG_WARN_OBJC_LITERAL_CONVERSION = YES;
				CLANG_WARN_OBJC_ROOT_CLASS = YES_ERROR;
				CLANG_WARN_QUOTED_INCLUDE_IN_FRAMEWORK_HEADER = YES;
				CLANG_WARN_RANGE_LOOP_ANALYSIS = YES;
				CLANG_WARN_STRICT_PROTOTYPES = YES;
				CLANG_WARN_SUSPICIOUS_MOVE = YES;
				CLANG_WARN_UNGUARDED_AVAILABILITY = YES_AGGRESSIVE;
				CLANG_WARN_UNREACHABLE_CODE = YES;
				CLANG_WARN__DUPLICATE_METHOD_MATCH = YES;
				COPY_PHASE_STRIP = NO;
				DEBUG_INFORMATION_FORMAT = "dwarf-with-dsym";
				ENABLE_NS_ASSERTIONS = NO;
				ENABLE_STRICT_OBJC_MSGSEND = YES;
				ENABLE_USER_SCRIPT_SANDBOXING = YES;
				GCC_C_LANGUAGE_STANDARD = gnu17;
				GCC_NO_COMMON_BLOCKS = YES;
				GCC_WARN_64_TO_32_BIT_CONVERSION = YES;
				GCC_WARN_ABOUT_RETURN_TYPE = YES_ERROR;
				GCC_WARN_UNDECLARED_SELECTOR = YES;
				GCC_WARN_UNINITIALIZED_AUTOS = YES_AGGRESSIVE;
				GCC_WARN_UNUSED_FUNCTION = YES;
				GCC_WARN_UNUSED_VARIABLE = YES;
				IPHONEOS_DEPLOYMENT_TARGET = 17.4;
				LOCALIZATION_PREFERS_STRING_CATALOGS = YES;
				MTL_ENABLE_DEBUG_INFO = NO;
				MTL_FAST_MATH = YES;
				SDKROOT = iphoneos;
				SWIFT_COMPILATION_MODE = wholemodule;
				VALIDATE_PRODUCT = YES;
			};
			name = Release;
		};
		1227FFDB2BEFBACE00366683 /* Debug */ = {
			isa = XCBuildConfiguration;
			buildSettings = {
				ASSETCATALOG_COMPILER_APPICON_NAME = AppIcon;
				ASSETCATALOG_COMPILER_GLOBAL_ACCENT_COLOR_NAME = AccentColor;
				CODE_SIGN_STYLE = Automatic;
				CURRENT_PROJECT_VERSION = 1;
				DEVELOPMENT_ASSET_PATHS = "\"Spotify-SwiftUI/Preview Content\"";
				DEVELOPMENT_TEAM = K97JL7U478;
				ENABLE_PREVIEWS = YES;
				GENERATE_INFOPLIST_FILE = YES;
				INFOPLIST_KEY_UIApplicationSceneManifest_Generation = YES;
				INFOPLIST_KEY_UIApplicationSupportsIndirectInputEvents = YES;
				INFOPLIST_KEY_UILaunchScreen_Generation = YES;
				INFOPLIST_KEY_UISupportedInterfaceOrientations_iPad = "UIInterfaceOrientationPortrait UIInterfaceOrientationPortraitUpsideDown UIInterfaceOrientationLandscapeLeft UIInterfaceOrientationLandscapeRight";
				INFOPLIST_KEY_UISupportedInterfaceOrientations_iPhone = "UIInterfaceOrientationPortrait UIInterfaceOrientationLandscapeLeft UIInterfaceOrientationLandscapeRight";
				LD_RUNPATH_SEARCH_PATHS = (
					"$(inherited)",
					"@executable_path/Frameworks",
				);
				MARKETING_VERSION = 1.0;
				PRODUCT_BUNDLE_IDENTIFIER = "com.oguzhanbolat.Spotify-SwiftUI";
				PRODUCT_NAME = "$(TARGET_NAME)";
				SWIFT_EMIT_LOC_STRINGS = YES;
				SWIFT_VERSION = 5.0;
				TARGETED_DEVICE_FAMILY = "1,2";
			};
			name = Debug;
		};
		1227FFDC2BEFBACE00366683 /* Release */ = {
			isa = XCBuildConfiguration;
			buildSettings = {
				ASSETCATALOG_COMPILER_APPICON_NAME = AppIcon;
				ASSETCATALOG_COMPILER_GLOBAL_ACCENT_COLOR_NAME = AccentColor;
				CODE_SIGN_STYLE = Automatic;
				CURRENT_PROJECT_VERSION = 1;
				DEVELOPMENT_ASSET_PATHS = "\"Spotify-SwiftUI/Preview Content\"";
				DEVELOPMENT_TEAM = K97JL7U478;
				ENABLE_PREVIEWS = YES;
				GENERATE_INFOPLIST_FILE = YES;
				INFOPLIST_KEY_UIApplicationSceneManifest_Generation = YES;
				INFOPLIST_KEY_UIApplicationSupportsIndirectInputEvents = YES;
				INFOPLIST_KEY_UILaunchScreen_Generation = YES;
				INFOPLIST_KEY_UISupportedInterfaceOrientations_iPad = "UIInterfaceOrientationPortrait UIInterfaceOrientationPortraitUpsideDown UIInterfaceOrientationLandscapeLeft UIInterfaceOrientationLandscapeRight";
				INFOPLIST_KEY_UISupportedInterfaceOrientations_iPhone = "UIInterfaceOrientationPortrait UIInterfaceOrientationLandscapeLeft UIInterfaceOrientationLandscapeRight";
				LD_RUNPATH_SEARCH_PATHS = (
					"$(inherited)",
					"@executable_path/Frameworks",
				);
				MARKETING_VERSION = 1.0;
				PRODUCT_BUNDLE_IDENTIFIER = "com.oguzhanbolat.Spotify-SwiftUI";
				PRODUCT_NAME = "$(TARGET_NAME)";
				SWIFT_EMIT_LOC_STRINGS = YES;
				SWIFT_VERSION = 5.0;
				TARGETED_DEVICE_FAMILY = "1,2";
			};
			name = Release;
		};
/* End XCBuildConfiguration section */

/* Begin XCConfigurationList section */
		1227FFC72BEFBACD00366683 /* Build configuration list for PBXProject "Spotify-SwiftUI" */ = {
			isa = XCConfigurationList;
			buildConfigurations = (
				1227FFD82BEFBACE00366683 /* Debug */,
				1227FFD92BEFBACE00366683 /* Release */,
			);
			defaultConfigurationIsVisible = 0;
			defaultConfigurationName = Release;
		};
		1227FFDA2BEFBACE00366683 /* Build configuration list for PBXNativeTarget "Spotify-SwiftUI" */ = {
			isa = XCConfigurationList;
			buildConfigurations = (
				1227FFDB2BEFBACE00366683 /* Debug */,
				1227FFDC2BEFBACE00366683 /* Release */,
			);
			defaultConfigurationIsVisible = 0;
			defaultConfigurationName = Release;
		};
/* End XCConfigurationList section */

/* Begin XCRemoteSwiftPackageReference section */
		1227FFDD2BEFBB6D00366683 /* XCRemoteSwiftPackageReference "SDWebImageSwiftUI" */ = {
			isa = XCRemoteSwiftPackageReference;
			repositoryURL = "https://github.com/SDWebImage/SDWebImageSwiftUI";
			requirement = {
				kind = upToNextMajorVersion;
				minimumVersion = 3.0.4;
			};
		};
		1227FFEB2BEFCE0D00366683 /* XCRemoteSwiftPackageReference "SwiftfulRouting" */ = {
			isa = XCRemoteSwiftPackageReference;
			repositoryURL = "https://github.com/SwiftfulThinking/SwiftfulRouting";
			requirement = {
				kind = upToNextMajorVersion;
				minimumVersion = 5.3.2;
			};
		};
		1227FFEE2BEFCE3400366683 /* XCRemoteSwiftPackageReference "SwiftfulUI" */ = {
			isa = XCRemoteSwiftPackageReference;
			repositoryURL = "https://github.com/SwiftfulThinking/SwiftfulUI";
			requirement = {
				kind = upToNextMajorVersion;
				minimumVersion = 1.2.0;
			};
		};
/* End XCRemoteSwiftPackageReference section */

/* Begin XCSwiftPackageProductDependency section */
		12AACBA62BF131500028A33A /* SwiftfulRouting */ = {
			isa = XCSwiftPackageProductDependency;
			package = 1227FFEB2BEFCE0D00366683 /* XCRemoteSwiftPackageReference "SwiftfulRouting" */;
			productName = SwiftfulRouting;
		};
		12AACBA82BF1315F0028A33A /* SwiftfulUI */ = {
			isa = XCSwiftPackageProductDependency;
			package = 1227FFEE2BEFCE3400366683 /* XCRemoteSwiftPackageReference "SwiftfulUI" */;
			productName = SwiftfulUI;
		};
		12AACBAA2BF131670028A33A /* SDWebImageSwiftUI */ = {
			isa = XCSwiftPackageProductDependency;
			package = 1227FFDD2BEFBB6D00366683 /* XCRemoteSwiftPackageReference "SDWebImageSwiftUI" */;
			productName = SDWebImageSwiftUI;
		};
/* End XCSwiftPackageProductDependency section */
	};
	rootObject = 1227FFC42BEFBACD00366683 /* Project object */;
}
